{
    "name": "smk-fap-fcb",
    "version": "0.0.1",
    "lockfileVersion": 1,
    "requires": true,
    "dependencies": {
        "@bcgov/smk": {
            "version": "1.0.4",
            "resolved": "https://registry.npmjs.org/@bcgov/smk/-/smk-1.0.4.tgz",
            "integrity": "sha512-LutyAKa7d9gvLohJHhk7zCVYPLe35gw3J7+VhRjBsaWnw3wSc/TV5Kn3Kb8Mlwqt9Uri2NUG7Ar8cuyGae7RkQ=="
        }
    }
}
