{
    "name": "smk-fap-fcb",
    "version": "0.0.1",
    "lockfileVersion": 2,
    "requires": true,
    "packages": {
        "": {
            "version": "0.0.1",
            "dependencies": {
                "smk": "^1.0.0-beta.9"
            }
        },
        "node_modules/smk": {
            "version": "1.0.0-beta.9",
            "resolved": "https://registry.npmjs.org/smk/-/smk-1.0.0-beta.9.tgz",
            "integrity": "sha512-/AnhXYnz2e7quW4mIKUaZ9Q4OKt+mwZrtSVb1LsVo7nJZpZZAGpyQFUVsmO1oc5pqaYyvaRlsU4yjgibqJFRmw=="
        }
    },
    "dependencies": {
        "smk": {
            "version": "1.0.0-beta.9",
            "resolved": "https://registry.npmjs.org/smk/-/smk-1.0.0-beta.9.tgz",
            "integrity": "sha512-/AnhXYnz2e7quW4mIKUaZ9Q4OKt+mwZrtSVb1LsVo7nJZpZZAGpyQFUVsmO1oc5pqaYyvaRlsU4yjgibqJFRmw=="
        }
    }
}
